
Microsoft Visual Studio Solution File, Format Version 12.00
# Visual Studio Version 17
VisualStudioVersion = 17.4.33205.214
MinimumVisualStudioVersion = 10.0.40219.1
Project("{FAE04EC0-301F-11D3-BF4B-00C04F79EFBC}") = "DemoWhileLoop", "DemoWhileLoop\DemoWhileLoop.csproj", "{D5FDE613-9EF8-431C-860B-7265C7FEDEA5}"
EndProject
Global
	GlobalSection(SolutionConfigurationPlatforms) = preSolution
		Debug|Any CPU = Debug|Any CPU
		Release|Any CPU = Release|Any CPU
	EndGlobalSection
	GlobalSection(ProjectConfigurationPlatforms) = postSolution
		{D5FDE613-9EF8-431C-860B-7265C7FEDEA5}.Debug|Any CPU.ActiveCfg = Debug|Any CPU
		{D5FDE613-9EF8-431C-860B-7265C7FEDEA5}.Debug|Any CPU.Build.0 = Debug|Any CPU
		{D5FDE613-9EF8-431C-860B-7265C7FEDEA5}.Release|Any CPU.ActiveCfg = Release|Any CPU
		{D5FDE613-9EF8-431C-860B-7265C7FEDEA5}.Release|Any CPU.Build.0 = Release|Any CPU
	EndGlobalSection
	GlobalSection(SolutionProperties) = preSolution
		HideSolutionNode = FALSE
	EndGlobalSection
	GlobalSection(ExtensibilityGlobals) = postSolution
		SolutionGuid = {485A49AD-941D-4AE1-B756-1992C4AEB80E}
	EndGlobalSection
EndGlobal
